
Microsoft Visual Studio Solution File, Format Version 12.00
# Visual Studio Version 17
VisualStudioVersion = 17.0.31919.166
MinimumVisualStudioVersion = 10.0.40219.1
Project("{FAE04EC0-301F-11D3-BF4B-00C04F79EFBC}") = "C_Sharp_Calculate_Speed__Distance_Time", "C_Sharp_Calculate_Speed__Distance_Time\C_Sharp_Calculate_Speed__Distance_Time.csproj", "{E95372E5-7DB8-452E-9183-C93D8167DE34}"
EndProject
Global
	GlobalSection(SolutionConfigurationPlatforms) = preSolution
		Debug|Any CPU = Debug|Any CPU
		Release|Any CPU = Release|Any CPU
	EndGlobalSection
	GlobalSection(ProjectConfigurationPlatforms) = postSolution
		{E95372E5-7DB8-452E-9183-C93D8167DE34}.Debug|Any CPU.ActiveCfg = Debug|Any CPU
		{E95372E5-7DB8-452E-9183-C93D8167DE34}.Debug|Any CPU.Build.0 = Debug|Any CPU
		{E95372E5-7DB8-452E-9183-C93D8167DE34}.Release|Any CPU.ActiveCfg = Release|Any CPU
		{E95372E5-7DB8-452E-9183-C93D8167DE34}.Release|Any CPU.Build.0 = Release|Any CPU
	EndGlobalSection
	GlobalSection(SolutionProperties) = preSolution
		HideSolutionNode = FALSE
	EndGlobalSection
	GlobalSection(ExtensibilityGlobals) = postSolution
		SolutionGuid = {4A8B8006-7212-4043-A843-C75C4D5796DE}
	EndGlobalSection
EndGlobal
